// !$*UTF8*$!
{
	archiveVersion = 1;
	classes = {
	};
	objectVersion = 51;
	objects = {

/* Begin PBXBuildFile section */
		1F1E924025CD698800CD9498 /* Model.swift in Sources */ = {isa = PBXBuildFile; fileRef = 1F1E923F25CD698800CD9498 /* Model.swift */; };
		1F1E924325CDD0C900CD9498 /* StringExtensions.swift in Sources */ = {isa = PBXBuildFile; fileRef = 1F1E924225CDD0C800CD9498 /* StringExtensions.swift */; };
		1F238F4B25C9E7920094B6A7 /* UINavigationControllerExtensions.swift in Sources */ = {isa = PBXBuildFile; fileRef = 1F238F4A25C9E7920094B6A7 /* UINavigationControllerExtensions.swift */; };
		1F238F4E25C9EC680094B6A7 /* UITabBarExtensions.swift in Sources */ = {isa = PBXBuildFile; fileRef = 1F238F4D25C9EC680094B6A7 /* UITabBarExtensions.swift */; };
		1F2AEE9A25C9E22600BF5780 /* UIColorExtensions.swift in Sources */ = {isa = PBXBuildFile; fileRef = 1F2AEE9925C9E22500BF5780 /* UIColorExtensions.swift */; };
		1F2AEE9E25C9E24000BF5780 /* UIViewExtensions.swift in Sources */ = {isa = PBXBuildFile; fileRef = 1F2AEE9D25C9E24000BF5780 /* UIViewExtensions.swift */; };
		1F2AEEA125C9E25300BF5780 /* UIViewControllerExtensions.swift in Sources */ = {isa = PBXBuildFile; fileRef = 1F2AEEA025C9E25300BF5780 /* UIViewControllerExtensions.swift */; };
		1F33C34325C1D793000A8F9A /* BaseReusableView.swift in Sources */ = {isa = PBXBuildFile; fileRef = 1F33C34125C1D793000A8F9A /* BaseReusableView.swift */; };
		1F33C34825C1D7D4000A8F9A /* LoadingButtonView.xib in Resources */ = {isa = PBXBuildFile; fileRef = 1F33C34625C1D7D3000A8F9A /* LoadingButtonView.xib */; };
		1F33C34925C1D7D4000A8F9A /* LoadingButtonView.swift in Sources */ = {isa = PBXBuildFile; fileRef = 1F33C34725C1D7D3000A8F9A /* LoadingButtonView.swift */; };
		1F67B52A25C302DC0060ECDC /* Weather.swift in Sources */ = {isa = PBXBuildFile; fileRef = 1F67B52925C302DC0060ECDC /* Weather.swift */; };
		1F67B52D25C3106D0060ECDC /* Service.swift in Sources */ = {isa = PBXBuildFile; fileRef = 1F67B52C25C3106D0060ECDC /* Service.swift */; };
		1F67B55425C360CA0060ECDC /* CityCell.swift in Sources */ = {isa = PBXBuildFile; fileRef = 1F67B55225C360CA0060ECDC /* CityCell.swift */; };
		1F67B55525C360CA0060ECDC /* CityCell.xib in Resources */ = {isa = PBXBuildFile; fileRef = 1F67B55325C360CA0060ECDC /* CityCell.xib */; };
		1F67B55C25C361800060ECDC /* TodayCollectionController.swift in Sources */ = {isa = PBXBuildFile; fileRef = 1F67B55B25C361800060ECDC /* TodayCollectionController.swift */; };
		1F8463CA25CC7B5700BF845C /* CustomCollectionviewFlowLayout.swift in Sources */ = {isa = PBXBuildFile; fileRef = 1F8463C925CC7B5700BF845C /* CustomCollectionviewFlowLayout.swift */; };
		1F8AFA9D25CDE84600053DAB /* UILabelExtensions.swift in Sources */ = {isa = PBXBuildFile; fileRef = 1F8AFA9C25CDE84600053DAB /* UILabelExtensions.swift */; };
		1FA7427725C5E24400DBC33E /* StackViewCell.swift in Sources */ = {isa = PBXBuildFile; fileRef = 1FA7427625C5E24400DBC33E /* StackViewCell.swift */; };
		1FA7427B25C5E25F00DBC33E /* StackViewCell.xib in Resources */ = {isa = PBXBuildFile; fileRef = 1FA7427A25C5E25F00DBC33E /* StackViewCell.xib */; };
		1FA7427E25C5E6FF00DBC33E /* ErrorView.swift in Sources */ = {isa = PBXBuildFile; fileRef = 1FA7427D25C5E6FF00DBC33E /* ErrorView.swift */; };
		1FA7428225C5E71B00DBC33E /* ErrorView.xib in Resources */ = {isa = PBXBuildFile; fileRef = 1FA7428125C5E71B00DBC33E /* ErrorView.xib */; };
		1FC6C3DE25C5A124003288AF /* AddCityViewController.swift in Sources */ = {isa = PBXBuildFile; fileRef = 1FC6C3DD25C5A124003288AF /* AddCityViewController.swift */; };
		1FD64ECD25CF2CE300180F48 /* UITabBarControllerExtensions.swift in Sources */ = {isa = PBXBuildFile; fileRef = 1FD64ECC25CF2CE300180F48 /* UITabBarControllerExtensions.swift */; };
		1FD64ED125CF44D300180F48 /* CustomTabBar.swift in Sources */ = {isa = PBXBuildFile; fileRef = 1FD64ED025CF44D300180F48 /* CustomTabBar.swift */; };
		1FD64ED525CF5D0000180F48 /* GradientView.swift in Sources */ = {isa = PBXBuildFile; fileRef = 1FD64ED425CF5D0000180F48 /* GradientView.swift */; };
		1FDC1BF225C1521A004F5893 /* AppDelegate.swift in Sources */ = {isa = PBXBuildFile; fileRef = 1FDC1BF125C1521A004F5893 /* AppDelegate.swift */; };
		1FDC1BF425C1521A004F5893 /* SceneDelegate.swift in Sources */ = {isa = PBXBuildFile; fileRef = 1FDC1BF325C1521A004F5893 /* SceneDelegate.swift */; };
		1FDC1BF625C1521A004F5893 /* ViewController.swift in Sources */ = {isa = PBXBuildFile; fileRef = 1FDC1BF525C1521A004F5893 /* ViewController.swift */; };
		1FDC1BF925C1521A004F5893 /* Main.storyboard in Resources */ = {isa = PBXBuildFile; fileRef = 1FDC1BF725C1521A004F5893 /* Main.storyboard */; };
		1FDC1BFC25C1521A004F5893 /* Weather.xcdatamodeld in Sources */ = {isa = PBXBuildFile; fileRef = 1FDC1BFA25C1521A004F5893 /* Weather.xcdatamodeld */; };
		1FDC1BFE25C1521C004F5893 /* Assets.xcassets in Resources */ = {isa = PBXBuildFile; fileRef = 1FDC1BFD25C1521C004F5893 /* Assets.xcassets */; };
		1FDC1C0125C1521C004F5893 /* LaunchScreen.storyboard in Resources */ = {isa = PBXBuildFile; fileRef = 1FDC1BFF25C1521C004F5893 /* LaunchScreen.storyboard */; };
		1FDC1C0D25C15575004F5893 /* TodayViewController.swift in Sources */ = {isa = PBXBuildFile; fileRef = 1FDC1C0C25C15575004F5893 /* TodayViewController.swift */; };
		1FDC1C1125C1560F004F5893 /* ForecastViewController.swift in Sources */ = {isa = PBXBuildFile; fileRef = 1FDC1C1025C1560F004F5893 /* ForecastViewController.swift */; };
		1FDC1C1725C1581E004F5893 /* DaytimeCell.swift in Sources */ = {isa = PBXBuildFile; fileRef = 1FDC1C1525C1581E004F5893 /* DaytimeCell.swift */; };
		1FDC1C1825C1581E004F5893 /* DaytimeCell.xib in Resources */ = {isa = PBXBuildFile; fileRef = 1FDC1C1625C1581E004F5893 /* DaytimeCell.xib */; };
		1FDC1C1F25C15B46004F5893 /* ForecastTableController.swift in Sources */ = {isa = PBXBuildFile; fileRef = 1FDC1C1E25C15B46004F5893 /* ForecastTableController.swift */; };
		1FDC1C5F25C15D2D004F5893 /* DaytimeHeader.xib in Resources */ = {isa = PBXBuildFile; fileRef = 1FDC1C5D25C15D2D004F5893 /* DaytimeHeader.xib */; };
		1FDC1C6425C15D78004F5893 /* DaytimeHeader.swift in Sources */ = {isa = PBXBuildFile; fileRef = 1FDC1C6325C15D78004F5893 /* DaytimeHeader.swift */; };
		5FB79993FF44EF304AE0B48E /* Pods_Weather.framework in Frameworks */ = {isa = PBXBuildFile; fileRef = D95813F88385ED40BED0F7AB /* Pods_Weather.framework */; };
/* End PBXBuildFile section */

/* Begin PBXFileReference section */
		0548C3007833CAE896DB6B86 /* Pods-Weather.debug.xcconfig */ = {isa = PBXFileReference; includeInIndex = 1; lastKnownFileType = text.xcconfig; name = "Pods-Weather.debug.xcconfig"; path = "Target Support Files/Pods-Weather/Pods-Weather.debug.xcconfig"; sourceTree = "<group>"; };
		1F1E923F25CD698800CD9498 /* Model.swift */ = {isa = PBXFileReference; lastKnownFileType = sourcecode.swift; path = Model.swift; sourceTree = "<group>"; };
		1F1E924225CDD0C800CD9498 /* StringExtensions.swift */ = {isa = PBXFileReference; lastKnownFileType = sourcecode.swift; path = StringExtensions.swift; sourceTree = "<group>"; };
		1F238F4A25C9E7920094B6A7 /* UINavigationControllerExtensions.swift */ = {isa = PBXFileReference; lastKnownFileType = sourcecode.swift; path = UINavigationControllerExtensions.swift; sourceTree = "<group>"; };
		1F238F4D25C9EC680094B6A7 /* UITabBarExtensions.swift */ = {isa = PBXFileReference; lastKnownFileType = sourcecode.swift; path = UITabBarExtensions.swift; sourceTree = "<group>"; };
		1F2AEE9925C9E22500BF5780 /* UIColorExtensions.swift */ = {isa = PBXFileReference; lastKnownFileType = sourcecode.swift; path = UIColorExtensions.swift; sourceTree = "<group>"; };
		1F2AEE9D25C9E24000BF5780 /* UIViewExtensions.swift */ = {isa = PBXFileReference; lastKnownFileType = sourcecode.swift; path = UIViewExtensions.swift; sourceTree = "<group>"; };
		1F2AEEA025C9E25300BF5780 /* UIViewControllerExtensions.swift */ = {isa = PBXFileReference; lastKnownFileType = sourcecode.swift; path = UIViewControllerExtensions.swift; sourceTree = "<group>"; };
		1F33C34125C1D793000A8F9A /* BaseReusableView.swift */ = {isa = PBXFileReference; fileEncoding = 4; lastKnownFileType = sourcecode.swift; path = BaseReusableView.swift; sourceTree = "<group>"; };
		1F33C34625C1D7D3000A8F9A /* LoadingButtonView.xib */ = {isa = PBXFileReference; fileEncoding = 4; lastKnownFileType = file.xib; path = LoadingButtonView.xib; sourceTree = "<group>"; };
		1F33C34725C1D7D3000A8F9A /* LoadingButtonView.swift */ = {isa = PBXFileReference; fileEncoding = 4; lastKnownFileType = sourcecode.swift; path = LoadingButtonView.swift; sourceTree = "<group>"; };
		1F67B52925C302DC0060ECDC /* Weather.swift */ = {isa = PBXFileReference; lastKnownFileType = sourcecode.swift; path = Weather.swift; sourceTree = "<group>"; };
		1F67B52C25C3106D0060ECDC /* Service.swift */ = {isa = PBXFileReference; fileEncoding = 4; lastKnownFileType = sourcecode.swift; path = Service.swift; sourceTree = "<group>"; };
		1F67B55225C360CA0060ECDC /* CityCell.swift */ = {isa = PBXFileReference; lastKnownFileType = sourcecode.swift; path = CityCell.swift; sourceTree = "<group>"; };
		1F67B55325C360CA0060ECDC /* CityCell.xib */ = {isa = PBXFileReference; lastKnownFileType = file.xib; path = CityCell.xib; sourceTree = "<group>"; };
		1F67B55B25C361800060ECDC /* TodayCollectionController.swift */ = {isa = PBXFileReference; fileEncoding = 4; lastKnownFileType = sourcecode.swift; path = TodayCollectionController.swift; sourceTree = "<group>"; };
		1F8463C925CC7B5700BF845C /* CustomCollectionviewFlowLayout.swift */ = {isa = PBXFileReference; lastKnownFileType = sourcecode.swift; path = CustomCollectionviewFlowLayout.swift; sourceTree = "<group>"; };
		1F8AFA9C25CDE84600053DAB /* UILabelExtensions.swift */ = {isa = PBXFileReference; lastKnownFileType = sourcecode.swift; path = UILabelExtensions.swift; sourceTree = "<group>"; };
		1FA7427625C5E24400DBC33E /* StackViewCell.swift */ = {isa = PBXFileReference; lastKnownFileType = sourcecode.swift; path = StackViewCell.swift; sourceTree = "<group>"; };
		1FA7427A25C5E25F00DBC33E /* StackViewCell.xib */ = {isa = PBXFileReference; lastKnownFileType = file.xib; path = StackViewCell.xib; sourceTree = "<group>"; };
		1FA7427D25C5E6FF00DBC33E /* ErrorView.swift */ = {isa = PBXFileReference; lastKnownFileType = sourcecode.swift; path = ErrorView.swift; sourceTree = "<group>"; };
		1FA7428125C5E71B00DBC33E /* ErrorView.xib */ = {isa = PBXFileReference; lastKnownFileType = file.xib; path = ErrorView.xib; sourceTree = "<group>"; };
		1FC6C3DD25C5A124003288AF /* AddCityViewController.swift */ = {isa = PBXFileReference; lastKnownFileType = sourcecode.swift; path = AddCityViewController.swift; sourceTree = "<group>"; };
		1FD64ECC25CF2CE300180F48 /* UITabBarControllerExtensions.swift */ = {isa = PBXFileReference; lastKnownFileType = sourcecode.swift; path = UITabBarControllerExtensions.swift; sourceTree = "<group>"; };
		1FD64ED025CF44D300180F48 /* CustomTabBar.swift */ = {isa = PBXFileReference; lastKnownFileType = sourcecode.swift; path = CustomTabBar.swift; sourceTree = "<group>"; };
		1FD64ED425CF5D0000180F48 /* GradientView.swift */ = {isa = PBXFileReference; lastKnownFileType = sourcecode.swift; path = GradientView.swift; sourceTree = "<group>"; };
		1FDC1BEE25C15219004F5893 /* Weather.app */ = {isa = PBXFileReference; explicitFileType = wrapper.application; includeInIndex = 0; path = Weather.app; sourceTree = BUILT_PRODUCTS_DIR; };
		1FDC1BF125C1521A004F5893 /* AppDelegate.swift */ = {isa = PBXFileReference; lastKnownFileType = sourcecode.swift; path = AppDelegate.swift; sourceTree = "<group>"; };
		1FDC1BF325C1521A004F5893 /* SceneDelegate.swift */ = {isa = PBXFileReference; lastKnownFileType = sourcecode.swift; path = SceneDelegate.swift; sourceTree = "<group>"; };
		1FDC1BF525C1521A004F5893 /* ViewController.swift */ = {isa = PBXFileReference; lastKnownFileType = sourcecode.swift; path = ViewController.swift; sourceTree = "<group>"; };
		1FDC1BF825C1521A004F5893 /* Base */ = {isa = PBXFileReference; lastKnownFileType = file.storyboard; name = Base; path = Base.lproj/Main.storyboard; sourceTree = "<group>"; };
		1FDC1BFB25C1521A004F5893 /* Weather.xcdatamodel */ = {isa = PBXFileReference; lastKnownFileType = wrapper.xcdatamodel; path = Weather.xcdatamodel; sourceTree = "<group>"; };
		1FDC1BFD25C1521C004F5893 /* Assets.xcassets */ = {isa = PBXFileReference; lastKnownFileType = folder.assetcatalog; path = Assets.xcassets; sourceTree = "<group>"; };
		1FDC1C0025C1521C004F5893 /* Base */ = {isa = PBXFileReference; lastKnownFileType = file.storyboard; name = Base; path = Base.lproj/LaunchScreen.storyboard; sourceTree = "<group>"; };
		1FDC1C0225C1521C004F5893 /* Info.plist */ = {isa = PBXFileReference; lastKnownFileType = text.plist.xml; path = Info.plist; sourceTree = "<group>"; };
		1FDC1C0C25C15575004F5893 /* TodayViewController.swift */ = {isa = PBXFileReference; lastKnownFileType = sourcecode.swift; path = TodayViewController.swift; sourceTree = "<group>"; };
		1FDC1C1025C1560F004F5893 /* ForecastViewController.swift */ = {isa = PBXFileReference; lastKnownFileType = sourcecode.swift; path = ForecastViewController.swift; sourceTree = "<group>"; };
		1FDC1C1525C1581E004F5893 /* DaytimeCell.swift */ = {isa = PBXFileReference; lastKnownFileType = sourcecode.swift; path = DaytimeCell.swift; sourceTree = "<group>"; };
		1FDC1C1625C1581E004F5893 /* DaytimeCell.xib */ = {isa = PBXFileReference; lastKnownFileType = file.xib; path = DaytimeCell.xib; sourceTree = "<group>"; };
		1FDC1C1E25C15B46004F5893 /* ForecastTableController.swift */ = {isa = PBXFileReference; lastKnownFileType = sourcecode.swift; path = ForecastTableController.swift; sourceTree = "<group>"; };
		1FDC1C5D25C15D2D004F5893 /* DaytimeHeader.xib */ = {isa = PBXFileReference; fileEncoding = 4; lastKnownFileType = file.xib; path = DaytimeHeader.xib; sourceTree = "<group>"; };
		1FDC1C6325C15D78004F5893 /* DaytimeHeader.swift */ = {isa = PBXFileReference; lastKnownFileType = sourcecode.swift; path = DaytimeHeader.swift; sourceTree = "<group>"; };
		5D1572E626064F0FD35D94AD /* Pods-Weather.release.xcconfig */ = {isa = PBXFileReference; includeInIndex = 1; lastKnownFileType = text.xcconfig; name = "Pods-Weather.release.xcconfig"; path = "Target Support Files/Pods-Weather/Pods-Weather.release.xcconfig"; sourceTree = "<group>"; };
		7060A069261F1F4700681762 /* Weather.entitlements */ = {isa = PBXFileReference; lastKnownFileType = text.plist.entitlements; path = Weather.entitlements; sourceTree = "<group>"; };
		D95813F88385ED40BED0F7AB /* Pods_Weather.framework */ = {isa = PBXFileReference; explicitFileType = wrapper.framework; includeInIndex = 0; path = Pods_Weather.framework; sourceTree = BUILT_PRODUCTS_DIR; };
/* End PBXFileReference section */

/* Begin PBXFrameworksBuildPhase section */
		1FDC1BEB25C15219004F5893 /* Frameworks */ = {
			isa = PBXFrameworksBuildPhase;
			buildActionMask = 2147483647;
			files = (
				5FB79993FF44EF304AE0B48E /* Pods_Weather.framework in Frameworks */,
			);
			runOnlyForDeploymentPostprocessing = 0;
		};
/* End PBXFrameworksBuildPhase section */

/* Begin PBXGroup section */
		1F1E923E25CD697200CD9498 /* Model */ = {
			isa = PBXGroup;
			children = (
				1F1E923F25CD698800CD9498 /* Model.swift */,
			);
			path = Model;
			sourceTree = "<group>";
		};
		1F2AEE9825C9E20800BF5780 /* Extensions */ = {
			isa = PBXGroup;
			children = (
				1F2AEE9925C9E22500BF5780 /* UIColorExtensions.swift */,
				1F2AEE9D25C9E24000BF5780 /* UIViewExtensions.swift */,
				1F2AEEA025C9E25300BF5780 /* UIViewControllerExtensions.swift */,
				1F238F4A25C9E7920094B6A7 /* UINavigationControllerExtensions.swift */,
				1F238F4D25C9EC680094B6A7 /* UITabBarExtensions.swift */,
				1F1E924225CDD0C800CD9498 /* StringExtensions.swift */,
				1F8AFA9C25CDE84600053DAB /* UILabelExtensions.swift */,
				1FD64ECC25CF2CE300180F48 /* UITabBarControllerExtensions.swift */,
			);
			path = Extensions;
			sourceTree = "<group>";
		};
		1F33C34525C1D7D3000A8F9A /* LoadingButtonView */ = {
			isa = PBXGroup;
			children = (
				1F33C34625C1D7D3000A8F9A /* LoadingButtonView.xib */,
				1F33C34725C1D7D3000A8F9A /* LoadingButtonView.swift */,
			);
			path = LoadingButtonView;
			sourceTree = "<group>";
		};
		1F33C35125C1E29F000A8F9A /* Entities */ = {
			isa = PBXGroup;
			children = (
				1F67B52925C302DC0060ECDC /* Weather.swift */,
			);
			path = Entities;
			sourceTree = "<group>";
		};
		1F33C35225C1E2A8000A8F9A /* Service */ = {
			isa = PBXGroup;
			children = (
				1F67B52C25C3106D0060ECDC /* Service.swift */,
			);
			path = Service;
			sourceTree = "<group>";
		};
		1F67B54C25C360170060ECDC /* Collections */ = {
			isa = PBXGroup;
			children = (
				1F90FA5325CB71460061B9F4 /* Layout */,
				1F67B55B25C361800060ECDC /* TodayCollectionController.swift */,
				1F67B55125C360A90060ECDC /* Cells */,
			);
			path = Collections;
			sourceTree = "<group>";
		};
		1F67B55125C360A90060ECDC /* Cells */ = {
			isa = PBXGroup;
			children = (
				1F67B55225C360CA0060ECDC /* CityCell.swift */,
				1F67B55325C360CA0060ECDC /* CityCell.xib */,
			);
			path = Cells;
			sourceTree = "<group>";
		};
		1F90FA5325CB71460061B9F4 /* Layout */ = {
			isa = PBXGroup;
			children = (
				1F8463C925CC7B5700BF845C /* CustomCollectionviewFlowLayout.swift */,
			);
			path = Layout;
			sourceTree = "<group>";
		};
		1FA7427525C5E22A00DBC33E /* StackViewCell */ = {
			isa = PBXGroup;
			children = (
				1FA7427625C5E24400DBC33E /* StackViewCell.swift */,
				1FA7427A25C5E25F00DBC33E /* StackViewCell.xib */,
			);
			path = StackViewCell;
			sourceTree = "<group>";
		};
		1FA7428025C5E70400DBC33E /* ErrorView */ = {
			isa = PBXGroup;
			children = (
				1FA7427D25C5E6FF00DBC33E /* ErrorView.swift */,
				1FA7428125C5E71B00DBC33E /* ErrorView.xib */,
			);
			path = ErrorView;
			sourceTree = "<group>";
		};
		1FDC1BE525C15219004F5893 = {
			isa = PBXGroup;
			children = (
				1FDC1BF025C15219004F5893 /* Weather */,
				1FDC1BEF25C15219004F5893 /* Products */,
				511519CDC87EAB5D7833FB5B /* Pods */,
				DC819A14748DF67F5ACE9CEC /* Frameworks */,
			);
			sourceTree = "<group>";
		};
		1FDC1BEF25C15219004F5893 /* Products */ = {
			isa = PBXGroup;
			children = (
				1FDC1BEE25C15219004F5893 /* Weather.app */,
			);
			name = Products;
			sourceTree = "<group>";
		};
		1FDC1BF025C15219004F5893 /* Weather */ = {
			isa = PBXGroup;
			children = (
				7060A069261F1F4700681762 /* Weather.entitlements */,
				1F1E923E25CD697200CD9498 /* Model */,
				1F2AEE9825C9E20800BF5780 /* Extensions */,
				1F33C35225C1E2A8000A8F9A /* Service */,
				1F33C35125C1E29F000A8F9A /* Entities */,
				1FDC1C0A25C15285004F5893 /* Controllers */,
				1FDC1C0925C15274004F5893 /* Views */,
				1FDC1BF125C1521A004F5893 /* AppDelegate.swift */,
				1FDC1BF525C1521A004F5893 /* ViewController.swift */,
				1FDC1BF325C1521A004F5893 /* SceneDelegate.swift */,
				1FDC1BF725C1521A004F5893 /* Main.storyboard */,
				1FDC1BFD25C1521C004F5893 /* Assets.xcassets */,
				1FDC1BFF25C1521C004F5893 /* LaunchScreen.storyboard */,
				1FDC1C0225C1521C004F5893 /* Info.plist */,
				1FDC1BFA25C1521A004F5893 /* Weather.xcdatamodeld */,
			);
			path = Weather;
			sourceTree = "<group>";
		};
		1FDC1C0925C15274004F5893 /* Views */ = {
			isa = PBXGroup;
			children = (
				1FD64ED025CF44D300180F48 /* CustomTabBar.swift */,
				1FA7428025C5E70400DBC33E /* ErrorView */,
				1FA7427525C5E22A00DBC33E /* StackViewCell */,
				1F33C34525C1D7D3000A8F9A /* LoadingButtonView */,
				1F33C34125C1D793000A8F9A /* BaseReusableView.swift */,
				1FD64ED425CF5D0000180F48 /* GradientView.swift */,
			);
			path = Views;
			sourceTree = "<group>";
		};
		1FDC1C0A25C15285004F5893 /* Controllers */ = {
			isa = PBXGroup;
			children = (
				1F67B54C25C360170060ECDC /* Collections */,
				1FDC1C1325C156DD004F5893 /* Tables */,
				1FDC1C0C25C15575004F5893 /* TodayViewController.swift */,
				1FDC1C1025C1560F004F5893 /* ForecastViewController.swift */,
				1FC6C3DD25C5A124003288AF /* AddCityViewController.swift */,
			);
			path = Controllers;
			sourceTree = "<group>";
		};
		1FDC1C1325C156DD004F5893 /* Tables */ = {
			isa = PBXGroup;
			children = (
				1FDC1C1A25C1597B004F5893 /* Headers */,
				1FDC1C1425C157F6004F5893 /* Cells */,
				1FDC1C1E25C15B46004F5893 /* ForecastTableController.swift */,
			);
			path = Tables;
			sourceTree = "<group>";
		};
		1FDC1C1425C157F6004F5893 /* Cells */ = {
			isa = PBXGroup;
			children = (
				1FDC1C1B25C1598E004F5893 /* DaytimeCell */,
			);
			path = Cells;
			sourceTree = "<group>";
		};
		1FDC1C1A25C1597B004F5893 /* Headers */ = {
			isa = PBXGroup;
			children = (
				1FDC1C2225C15CBB004F5893 /* DaytimeHeader */,
			);
			path = Headers;
			sourceTree = "<group>";
		};
		1FDC1C1B25C1598E004F5893 /* DaytimeCell */ = {
			isa = PBXGroup;
			children = (
				1FDC1C1525C1581E004F5893 /* DaytimeCell.swift */,
				1FDC1C1625C1581E004F5893 /* DaytimeCell.xib */,
			);
			path = DaytimeCell;
			sourceTree = "<group>";
		};
		1FDC1C2225C15CBB004F5893 /* DaytimeHeader */ = {
			isa = PBXGroup;
			children = (
				1FDC1C5D25C15D2D004F5893 /* DaytimeHeader.xib */,
				1FDC1C6325C15D78004F5893 /* DaytimeHeader.swift */,
			);
			path = DaytimeHeader;
			sourceTree = "<group>";
		};
		511519CDC87EAB5D7833FB5B /* Pods */ = {
			isa = PBXGroup;
			children = (
				0548C3007833CAE896DB6B86 /* Pods-Weather.debug.xcconfig */,
				5D1572E626064F0FD35D94AD /* Pods-Weather.release.xcconfig */,
			);
			path = Pods;
			sourceTree = "<group>";
		};
		DC819A14748DF67F5ACE9CEC /* Frameworks */ = {
			isa = PBXGroup;
			children = (
				D95813F88385ED40BED0F7AB /* Pods_Weather.framework */,
			);
			name = Frameworks;
			sourceTree = "<group>";
		};
/* End PBXGroup section */

/* Begin PBXNativeTarget section */
		1FDC1BED25C15219004F5893 /* Weather */ = {
			isa = PBXNativeTarget;
			buildConfigurationList = 1FDC1C0525C1521C004F5893 /* Build configuration list for PBXNativeTarget "Weather" */;
			buildPhases = (
				D75284DCA6BA12C4A0D6BFDE /* [CP] Check Pods Manifest.lock */,
				1FDC1BEA25C15219004F5893 /* Sources */,
				1FDC1BEB25C15219004F5893 /* Frameworks */,
				1FDC1BEC25C15219004F5893 /* Resources */,
				6E7E30C4E0032C5643F81532 /* [CP] Embed Pods Frameworks */,
			);
			buildRules = (
			);
			dependencies = (
			);
			name = Weather;
			productName = Weather;
			productReference = 1FDC1BEE25C15219004F5893 /* Weather.app */;
			productType = "com.apple.product-type.application";
		};
/* End PBXNativeTarget section */

/* Begin PBXProject section */
		1FDC1BE625C15219004F5893 /* Project object */ = {
			isa = PBXProject;
			attributes = {
				LastSwiftUpdateCheck = 1210;
				LastUpgradeCheck = 1210;
				TargetAttributes = {
					1FDC1BED25C15219004F5893 = {
						CreatedOnToolsVersion = 12.1;
					};
				};
			};
			buildConfigurationList = 1FDC1BE925C15219004F5893 /* Build configuration list for PBXProject "Weather" */;
			compatibilityVersion = "Xcode 9.3";
			developmentRegion = en;
			hasScannedForEncodings = 0;
			knownRegions = (
				en,
				Base,
			);
			mainGroup = 1FDC1BE525C15219004F5893;
			productRefGroup = 1FDC1BEF25C15219004F5893 /* Products */;
			projectDirPath = "";
			projectRoot = "";
			targets = (
				1FDC1BED25C15219004F5893 /* Weather */,
			);
		};
/* End PBXProject section */

/* Begin PBXResourcesBuildPhase section */
		1FDC1BEC25C15219004F5893 /* Resources */ = {
			isa = PBXResourcesBuildPhase;
			buildActionMask = 2147483647;
			files = (
				1FDC1C0125C1521C004F5893 /* LaunchScreen.storyboard in Resources */,
				1FDC1C1825C1581E004F5893 /* DaytimeCell.xib in Resources */,
				1F33C34825C1D7D4000A8F9A /* LoadingButtonView.xib in Resources */,
				1FDC1BFE25C1521C004F5893 /* Assets.xcassets in Resources */,
				1FDC1C5F25C15D2D004F5893 /* DaytimeHeader.xib in Resources */,
				1FDC1BF925C1521A004F5893 /* Main.storyboard in Resources */,
				1FA7427B25C5E25F00DBC33E /* StackViewCell.xib in Resources */,
				1F67B55525C360CA0060ECDC /* CityCell.xib in Resources */,
				1FA7428225C5E71B00DBC33E /* ErrorView.xib in Resources */,
			);
			runOnlyForDeploymentPostprocessing = 0;
		};
/* End PBXResourcesBuildPhase section */

/* Begin PBXShellScriptBuildPhase section */
		6E7E30C4E0032C5643F81532 /* [CP] Embed Pods Frameworks */ = {
			isa = PBXShellScriptBuildPhase;
			buildActionMask = 2147483647;
			files = (
			);
			inputFileListPaths = (
				"${PODS_ROOT}/Target Support Files/Pods-Weather/Pods-Weather-frameworks-${CONFIGURATION}-input-files.xcfilelist",
			);
			name = "[CP] Embed Pods Frameworks";
			outputFileListPaths = (
				"${PODS_ROOT}/Target Support Files/Pods-Weather/Pods-Weather-frameworks-${CONFIGURATION}-output-files.xcfilelist",
			);
			runOnlyForDeploymentPostprocessing = 0;
			shellPath = /bin/sh;
			shellScript = "\"${PODS_ROOT}/Target Support Files/Pods-Weather/Pods-Weather-frameworks.sh\"\n";
			showEnvVarsInLog = 0;
		};
		D75284DCA6BA12C4A0D6BFDE /* [CP] Check Pods Manifest.lock */ = {
			isa = PBXShellScriptBuildPhase;
			buildActionMask = 2147483647;
			files = (
			);
			inputFileListPaths = (
			);
			inputPaths = (
				"${PODS_PODFILE_DIR_PATH}/Podfile.lock",
				"${PODS_ROOT}/Manifest.lock",
			);
			name = "[CP] Check Pods Manifest.lock";
			outputFileListPaths = (
			);
			outputPaths = (
				"$(DERIVED_FILE_DIR)/Pods-Weather-checkManifestLockResult.txt",
			);
			runOnlyForDeploymentPostprocessing = 0;
			shellPath = /bin/sh;
			shellScript = "diff \"${PODS_PODFILE_DIR_PATH}/Podfile.lock\" \"${PODS_ROOT}/Manifest.lock\" > /dev/null\nif [ $? != 0 ] ; then\n    # print error to STDERR\n    echo \"error: The sandbox is not in sync with the Podfile.lock. Run 'pod install' or update your CocoaPods installation.\" >&2\n    exit 1\nfi\n# This output is used by Xcode 'outputs' to avoid re-running this script phase.\necho \"SUCCESS\" > \"${SCRIPT_OUTPUT_FILE_0}\"\n";
			showEnvVarsInLog = 0;
		};
/* End PBXShellScriptBuildPhase section */

/* Begin PBXSourcesBuildPhase section */
		1FDC1BEA25C15219004F5893 /* Sources */ = {
			isa = PBXSourcesBuildPhase;
			buildActionMask = 2147483647;
			files = (
				1F2AEE9A25C9E22600BF5780 /* UIColorExtensions.swift in Sources */,
				1F33C34925C1D7D4000A8F9A /* LoadingButtonView.swift in Sources */,
				1F67B52D25C3106D0060ECDC /* Service.swift in Sources */,
				1FA7427E25C5E6FF00DBC33E /* ErrorView.swift in Sources */,
				1F8AFA9D25CDE84600053DAB /* UILabelExtensions.swift in Sources */,
				1FDC1BFC25C1521A004F5893 /* Weather.xcdatamodeld in Sources */,
				1FDC1BF625C1521A004F5893 /* ViewController.swift in Sources */,
				1F238F4E25C9EC680094B6A7 /* UITabBarExtensions.swift in Sources */,
				1F2AEE9E25C9E24000BF5780 /* UIViewExtensions.swift in Sources */,
				1FD64ECD25CF2CE300180F48 /* UITabBarControllerExtensions.swift in Sources */,
				1F67B55C25C361800060ECDC /* TodayCollectionController.swift in Sources */,
				1FDC1BF225C1521A004F5893 /* AppDelegate.swift in Sources */,
				1F238F4B25C9E7920094B6A7 /* UINavigationControllerExtensions.swift in Sources */,
				1FDC1C1F25C15B46004F5893 /* ForecastTableController.swift in Sources */,
				1FA7427725C5E24400DBC33E /* StackViewCell.swift in Sources */,
				1F67B55425C360CA0060ECDC /* CityCell.swift in Sources */,
				1FD64ED125CF44D300180F48 /* CustomTabBar.swift in Sources */,
				1FDC1C6425C15D78004F5893 /* DaytimeHeader.swift in Sources */,
				1F2AEEA125C9E25300BF5780 /* UIViewControllerExtensions.swift in Sources */,
				1FDC1BF425C1521A004F5893 /* SceneDelegate.swift in Sources */,
				1FD64ED525CF5D0000180F48 /* GradientView.swift in Sources */,
				1F33C34325C1D793000A8F9A /* BaseReusableView.swift in Sources */,
				1F67B52A25C302DC0060ECDC /* Weather.swift in Sources */,
				1F1E924025CD698800CD9498 /* Model.swift in Sources */,
				1FDC1C0D25C15575004F5893 /* TodayViewController.swift in Sources */,
				1F1E924325CDD0C900CD9498 /* StringExtensions.swift in Sources */,
				1FDC1C1725C1581E004F5893 /* DaytimeCell.swift in Sources */,
				1FC6C3DE25C5A124003288AF /* AddCityViewController.swift in Sources */,
				1FDC1C1125C1560F004F5893 /* ForecastViewController.swift in Sources */,
				1F8463CA25CC7B5700BF845C /* CustomCollectionviewFlowLayout.swift in Sources */,
			);
			runOnlyForDeploymentPostprocessing = 0;
		};
/* End PBXSourcesBuildPhase section */

/* Begin PBXVariantGroup section */
		1FDC1BF725C1521A004F5893 /* Main.storyboard */ = {
			isa = PBXVariantGroup;
			children = (
				1FDC1BF825C1521A004F5893 /* Base */,
			);
			name = Main.storyboard;
			sourceTree = "<group>";
		};
		1FDC1BFF25C1521C004F5893 /* LaunchScreen.storyboard */ = {
			isa = PBXVariantGroup;
			children = (
				1FDC1C0025C1521C004F5893 /* Base */,
			);
			name = LaunchScreen.storyboard;
			sourceTree = "<group>";
		};
/* End PBXVariantGroup section */

/* Begin XCBuildConfiguration section */
		1FDC1C0325C1521C004F5893 /* Debug */ = {
			isa = XCBuildConfiguration;
			buildSettings = {
				ALWAYS_SEARCH_USER_PATHS = NO;
				CLANG_ANALYZER_NONNULL = YES;
				CLANG_ANALYZER_NUMBER_OBJECT_CONVERSION = YES_AGGRESSIVE;
				CLANG_CXX_LANGUAGE_STANDARD = "gnu++14";
				CLANG_CXX_LIBRARY = "libc++";
				CLANG_ENABLE_MODULES = YES;
				CLANG_ENABLE_OBJC_ARC = YES;
				CLANG_ENABLE_OBJC_WEAK = YES;
				CLANG_WARN_BLOCK_CAPTURE_AUTORELEASING = YES;
				CLANG_WARN_BOOL_CONVERSION = YES;
				CLANG_WARN_COMMA = YES;
				CLANG_WARN_CONSTANT_CONVERSION = YES;
				CLANG_WARN_DEPRECATED_OBJC_IMPLEMENTATIONS = YES;
				CLANG_WARN_DIRECT_OBJC_ISA_USAGE = YES_ERROR;
				CLANG_WARN_DOCUMENTATION_COMMENTS = YES;
				CLANG_WARN_EMPTY_BODY = YES;
				CLANG_WARN_ENUM_CONVERSION = YES;
				CLANG_WARN_INFINITE_RECURSION = YES;
				CLANG_WARN_INT_CONVERSION = YES;
				CLANG_WARN_NON_LITERAL_NULL_CONVERSION = YES;
				CLANG_WARN_OBJC_IMPLICIT_RETAIN_SELF = YES;
				CLANG_WARN_OBJC_LITERAL_CONVERSION = YES;
				CLANG_WARN_OBJC_ROOT_CLASS = YES_ERROR;
				CLANG_WARN_QUOTED_INCLUDE_IN_FRAMEWORK_HEADER = YES;
				CLANG_WARN_RANGE_LOOP_ANALYSIS = YES;
				CLANG_WARN_STRICT_PROTOTYPES = YES;
				CLANG_WARN_SUSPICIOUS_MOVE = YES;
				CLANG_WARN_UNGUARDED_AVAILABILITY = YES_AGGRESSIVE;
				CLANG_WARN_UNREACHABLE_CODE = YES;
				CLANG_WARN__DUPLICATE_METHOD_MATCH = YES;
				COPY_PHASE_STRIP = NO;
				DEBUG_INFORMATION_FORMAT = dwarf;
				ENABLE_STRICT_OBJC_MSGSEND = YES;
				ENABLE_TESTABILITY = YES;
				GCC_C_LANGUAGE_STANDARD = gnu11;
				GCC_DYNAMIC_NO_PIC = NO;
				GCC_NO_COMMON_BLOCKS = YES;
				GCC_OPTIMIZATION_LEVEL = 0;
				GCC_PREPROCESSOR_DEFINITIONS = (
					"DEBUG=1",
					"$(inherited)",
				);
				GCC_WARN_64_TO_32_BIT_CONVERSION = YES;
				GCC_WARN_ABOUT_RETURN_TYPE = YES_ERROR;
				GCC_WARN_UNDECLARED_SELECTOR = YES;
				GCC_WARN_UNINITIALIZED_AUTOS = YES_AGGRESSIVE;
				GCC_WARN_UNUSED_FUNCTION = YES;
				GCC_WARN_UNUSED_VARIABLE = YES;
				IPHONEOS_DEPLOYMENT_TARGET = 13.0;
				MTL_ENABLE_DEBUG_INFO = INCLUDE_SOURCE;
				MTL_FAST_MATH = YES;
				ONLY_ACTIVE_ARCH = YES;
				SDKROOT = iphoneos;
				SWIFT_ACTIVE_COMPILATION_CONDITIONS = DEBUG;
				SWIFT_OPTIMIZATION_LEVEL = "-Onone";
			};
			name = Debug;
		};
		1FDC1C0425C1521C004F5893 /* Release */ = {
			isa = XCBuildConfiguration;
			buildSettings = {
				ALWAYS_SEARCH_USER_PATHS = NO;
				CLANG_ANALYZER_NONNULL = YES;
				CLANG_ANALYZER_NUMBER_OBJECT_CONVERSION = YES_AGGRESSIVE;
				CLANG_CXX_LANGUAGE_STANDARD = "gnu++14";
				CLANG_CXX_LIBRARY = "libc++";
				CLANG_ENABLE_MODULES = YES;
				CLANG_ENABLE_OBJC_ARC = YES;
				CLANG_ENABLE_OBJC_WEAK = YES;
				CLANG_WARN_BLOCK_CAPTURE_AUTORELEASING = YES;
				CLANG_WARN_BOOL_CONVERSION = YES;
				CLANG_WARN_COMMA = YES;
				CLANG_WARN_CONSTANT_CONVERSION = YES;
				CLANG_WARN_DEPRECATED_OBJC_IMPLEMENTATIONS = YES;
				CLANG_WARN_DIRECT_OBJC_ISA_USAGE = YES_ERROR;
				CLANG_WARN_DOCUMENTATION_COMMENTS = YES;
				CLANG_WARN_EMPTY_BODY = YES;
				CLANG_WARN_ENUM_CONVERSION = YES;
				CLANG_WARN_INFINITE_RECURSION = YES;
				CLANG_WARN_INT_CONVERSION = YES;
				CLANG_WARN_NON_LITERAL_NULL_CONVERSION = YES;
				CLANG_WARN_OBJC_IMPLICIT_RETAIN_SELF = YES;
				CLANG_WARN_OBJC_LITERAL_CONVERSION = YES;
				CLANG_WARN_OBJC_ROOT_CLASS = YES_ERROR;
				CLANG_WARN_QUOTED_INCLUDE_IN_FRAMEWORK_HEADER = YES;
				CLANG_WARN_RANGE_LOOP_ANALYSIS = YES;
				CLANG_WARN_STRICT_PROTOTYPES = YES;
				CLANG_WARN_SUSPICIOUS_MOVE = YES;
				CLANG_WARN_UNGUARDED_AVAILABILITY = YES_AGGRESSIVE;
				CLANG_WARN_UNREACHABLE_CODE = YES;
				CLANG_WARN__DUPLICATE_METHOD_MATCH = YES;
				COPY_PHASE_STRIP = NO;
				DEBUG_INFORMATION_FORMAT = "dwarf-with-dsym";
				ENABLE_NS_ASSERTIONS = NO;
				ENABLE_STRICT_OBJC_MSGSEND = YES;
				GCC_C_LANGUAGE_STANDARD = gnu11;
				GCC_NO_COMMON_BLOCKS = YES;
				GCC_WARN_64_TO_32_BIT_CONVERSION = YES;
				GCC_WARN_ABOUT_RETURN_TYPE = YES_ERROR;
				GCC_WARN_UNDECLARED_SELECTOR = YES;
				GCC_WARN_UNINITIALIZED_AUTOS = YES_AGGRESSIVE;
				GCC_WARN_UNUSED_FUNCTION = YES;
				GCC_WARN_UNUSED_VARIABLE = YES;
				IPHONEOS_DEPLOYMENT_TARGET = 13.0;
				MTL_ENABLE_DEBUG_INFO = NO;
				MTL_FAST_MATH = YES;
				SDKROOT = iphoneos;
				SWIFT_COMPILATION_MODE = wholemodule;
				SWIFT_OPTIMIZATION_LEVEL = "-O";
				VALIDATE_PRODUCT = YES;
			};
			name = Release;
		};
		1FDC1C0625C1521C004F5893 /* Debug */ = {
			isa = XCBuildConfiguration;
			baseConfigurationReference = 0548C3007833CAE896DB6B86 /* Pods-Weather.debug.xcconfig */;
			buildSettings = {
				ASSETCATALOG_COMPILER_APPICON_NAME = AppIcon;
				ASSETCATALOG_COMPILER_GLOBAL_ACCENT_COLOR_NAME = AccentColor;
				CODE_SIGN_ENTITLEMENTS = Weather/Weather.entitlements;
				CODE_SIGN_STYLE = Automatic;
				DEVELOPMENT_TEAM = 84KN8K9A66;
				INFOPLIST_FILE = Weather/Info.plist;
				LD_RUNPATH_SEARCH_PATHS = (
					"$(inherited)",
					"@executable_path/Frameworks",
				);
				PRODUCT_BUNDLE_IDENTIFIER = freeuni.Weather;
				PRODUCT_NAME = "$(TARGET_NAME)";
				SWIFT_VERSION = 5.0;
				TARGETED_DEVICE_FAMILY = "1,2";
			};
			name = Debug;
		};
		1FDC1C0725C1521C004F5893 /* Release */ = {
			isa = XCBuildConfiguration;
			baseConfigurationReference = 5D1572E626064F0FD35D94AD /* Pods-Weather.release.xcconfig */;
			buildSettings = {
				ASSETCATALOG_COMPILER_APPICON_NAME = AppIcon;
				ASSETCATALOG_COMPILER_GLOBAL_ACCENT_COLOR_NAME = AccentColor;
				CODE_SIGN_ENTITLEMENTS = Weather/Weather.entitlements;
				CODE_SIGN_STYLE = Automatic;
				DEVELOPMENT_TEAM = 84KN8K9A66;
				INFOPLIST_FILE = Weather/Info.plist;
				LD_RUNPATH_SEARCH_PATHS = (
					"$(inherited)",
					"@executable_path/Frameworks",
				);
				PRODUCT_BUNDLE_IDENTIFIER = freeuni.Weather;
				PRODUCT_NAME = "$(TARGET_NAME)";
				SWIFT_VERSION = 5.0;
				TARGETED_DEVICE_FAMILY = "1,2";
			};
			name = Release;
		};
/* End XCBuildConfiguration section */

/* Begin XCConfigurationList section */
		1FDC1BE925C15219004F5893 /* Build configuration list for PBXProject "Weather" */ = {
			isa = XCConfigurationList;
			buildConfigurations = (
				1FDC1C0325C1521C004F5893 /* Debug */,
				1FDC1C0425C1521C004F5893 /* Release */,
			);
			defaultConfigurationIsVisible = 0;
			defaultConfigurationName = Release;
		};
		1FDC1C0525C1521C004F5893 /* Build configuration list for PBXNativeTarget "Weather" */ = {
			isa = XCConfigurationList;
			buildConfigurations = (
				1FDC1C0625C1521C004F5893 /* Debug */,
				1FDC1C0725C1521C004F5893 /* Release */,
			);
			defaultConfigurationIsVisible = 0;
			defaultConfigurationName = Release;
		};
/* End XCConfigurationList section */

/* Begin XCVersionGroup section */
		1FDC1BFA25C1521A004F5893 /* Weather.xcdatamodeld */ = {
			isa = XCVersionGroup;
			children = (
				1FDC1BFB25C1521A004F5893 /* Weather.xcdatamodel */,
			);
			currentVersion = 1FDC1BFB25C1521A004F5893 /* Weather.xcdatamodel */;
			path = Weather.xcdatamodeld;
			sourceTree = "<group>";
			versionGroupType = wrapper.xcdatamodel;
		};
/* End XCVersionGroup section */
	};
	rootObject = 1FDC1BE625C15219004F5893 /* Project object */;
}
